
Microsoft Visual Studio Solution File, Format Version 12.00
# Visual Studio Version 17
VisualStudioVersion = 17.0.31903.59
MinimumVisualStudioVersion = 10.0.40219.1
Project("{FAE04EC0-301F-11D3-BF4B-00C04F79EFBC}") = "Aplication", "Aplication\Aplication.csproj", "{A2004F7C-DF12-4B64-BEC8-1B9338324271}"
EndProject
Project("{FAE04EC0-301F-11D3-BF4B-00C04F79EFBC}") = "Domain", "Domain\Domain.csproj", "{21DF4AAD-A812-446D-BBB1-FD2785090109}"
EndProject
Project("{FAE04EC0-301F-11D3-BF4B-00C04F79EFBC}") = "Infrastructure", "Infrastructure\Infrastructure.csproj", "{D826E97C-1489-4843-BBDF-45817EA74060}"
EndProject
Project("{FAE04EC0-301F-11D3-BF4B-00C04F79EFBC}") = "Presentation", "Presentation\Presentation.csproj", "{EC0A19C2-BC56-4016-87A0-E3518C8DC0F2}"
EndProject
Global
	GlobalSection(SolutionConfigurationPlatforms) = preSolution
		Debug|Any CPU = Debug|Any CPU
		Debug|x64 = Debug|x64
		Debug|x86 = Debug|x86
		Release|Any CPU = Release|Any CPU
		Release|x64 = Release|x64
		Release|x86 = Release|x86
	EndGlobalSection
	GlobalSection(ProjectConfigurationPlatforms) = postSolution
		{A2004F7C-DF12-4B64-BEC8-1B9338324271}.Debug|Any CPU.ActiveCfg = Debug|Any CPU
		{A2004F7C-DF12-4B64-BEC8-1B9338324271}.Debug|Any CPU.Build.0 = Debug|Any CPU
		{A2004F7C-DF12-4B64-BEC8-1B9338324271}.Debug|x64.ActiveCfg = Debug|Any CPU
		{A2004F7C-DF12-4B64-BEC8-1B9338324271}.Debug|x64.Build.0 = Debug|Any CPU
		{A2004F7C-DF12-4B64-BEC8-1B9338324271}.Debug|x86.ActiveCfg = Debug|Any CPU
		{A2004F7C-DF12-4B64-BEC8-1B9338324271}.Debug|x86.Build.0 = Debug|Any CPU
		{A2004F7C-DF12-4B64-BEC8-1B9338324271}.Release|Any CPU.ActiveCfg = Release|Any CPU
		{A2004F7C-DF12-4B64-BEC8-1B9338324271}.Release|Any CPU.Build.0 = Release|Any CPU
		{A2004F7C-DF12-4B64-BEC8-1B9338324271}.Release|x64.ActiveCfg = Release|Any CPU
		{A2004F7C-DF12-4B64-BEC8-1B9338324271}.Release|x64.Build.0 = Release|Any CPU
		{A2004F7C-DF12-4B64-BEC8-1B9338324271}.Release|x86.ActiveCfg = Release|Any CPU
		{A2004F7C-DF12-4B64-BEC8-1B9338324271}.Release|x86.Build.0 = Release|Any CPU
		{21DF4AAD-A812-446D-BBB1-FD2785090109}.Debug|Any CPU.ActiveCfg = Debug|Any CPU
		{21DF4AAD-A812-446D-BBB1-FD2785090109}.Debug|Any CPU.Build.0 = Debug|Any CPU
		{21DF4AAD-A812-446D-BBB1-FD2785090109}.Debug|x64.ActiveCfg = Debug|Any CPU
		{21DF4AAD-A812-446D-BBB1-FD2785090109}.Debug|x64.Build.0 = Debug|Any CPU
		{21DF4AAD-A812-446D-BBB1-FD2785090109}.Debug|x86.ActiveCfg = Debug|Any CPU
		{21DF4AAD-A812-446D-BBB1-FD2785090109}.Debug|x86.Build.0 = Debug|Any CPU
		{21DF4AAD-A812-446D-BBB1-FD2785090109}.Release|Any CPU.ActiveCfg = Release|Any CPU
		{21DF4AAD-A812-446D-BBB1-FD2785090109}.Release|Any CPU.Build.0 = Release|Any CPU
		{21DF4AAD-A812-446D-BBB1-FD2785090109}.Release|x64.ActiveCfg = Release|Any CPU
		{21DF4AAD-A812-446D-BBB1-FD2785090109}.Release|x64.Build.0 = Release|Any CPU
		{21DF4AAD-A812-446D-BBB1-FD2785090109}.Release|x86.ActiveCfg = Release|Any CPU
		{21DF4AAD-A812-446D-BBB1-FD2785090109}.Release|x86.Build.0 = Release|Any CPU
		{D826E97C-1489-4843-BBDF-45817EA74060}.Debug|Any CPU.ActiveCfg = Debug|Any CPU
		{D826E97C-1489-4843-BBDF-45817EA74060}.Debug|Any CPU.Build.0 = Debug|Any CPU
		{D826E97C-1489-4843-BBDF-45817EA74060}.Debug|x64.ActiveCfg = Debug|Any CPU
		{D826E97C-1489-4843-BBDF-45817EA74060}.Debug|x64.Build.0 = Debug|Any CPU
		{D826E97C-1489-4843-BBDF-45817EA74060}.Debug|x86.ActiveCfg = Debug|Any CPU
		{D826E97C-1489-4843-BBDF-45817EA74060}.Debug|x86.Build.0 = Debug|Any CPU
		{D826E97C-1489-4843-BBDF-45817EA74060}.Release|Any CPU.ActiveCfg = Release|Any CPU
		{D826E97C-1489-4843-BBDF-45817EA74060}.Release|Any CPU.Build.0 = Release|Any CPU
		{D826E97C-1489-4843-BBDF-45817EA74060}.Release|x64.ActiveCfg = Release|Any CPU
		{D826E97C-1489-4843-BBDF-45817EA74060}.Release|x64.Build.0 = Release|Any CPU
		{D826E97C-1489-4843-BBDF-45817EA74060}.Release|x86.ActiveCfg = Release|Any CPU
		{D826E97C-1489-4843-BBDF-45817EA74060}.Release|x86.Build.0 = Release|Any CPU
		{EC0A19C2-BC56-4016-87A0-E3518C8DC0F2}.Debug|Any CPU.ActiveCfg = Debug|Any CPU
		{EC0A19C2-BC56-4016-87A0-E3518C8DC0F2}.Debug|Any CPU.Build.0 = Debug|Any CPU
		{EC0A19C2-BC56-4016-87A0-E3518C8DC0F2}.Debug|x64.ActiveCfg = Debug|Any CPU
		{EC0A19C2-BC56-4016-87A0-E3518C8DC0F2}.Debug|x64.Build.0 = Debug|Any CPU
		{EC0A19C2-BC56-4016-87A0-E3518C8DC0F2}.Debug|x86.ActiveCfg = Debug|Any CPU
		{EC0A19C2-BC56-4016-87A0-E3518C8DC0F2}.Debug|x86.Build.0 = Debug|Any CPU
		{EC0A19C2-BC56-4016-87A0-E3518C8DC0F2}.Release|Any CPU.ActiveCfg = Release|Any CPU
		{EC0A19C2-BC56-4016-87A0-E3518C8DC0F2}.Release|Any CPU.Build.0 = Release|Any CPU
		{EC0A19C2-BC56-4016-87A0-E3518C8DC0F2}.Release|x64.ActiveCfg = Release|Any CPU
		{EC0A19C2-BC56-4016-87A0-E3518C8DC0F2}.Release|x64.Build.0 = Release|Any CPU
		{EC0A19C2-BC56-4016-87A0-E3518C8DC0F2}.Release|x86.ActiveCfg = Release|Any CPU
		{EC0A19C2-BC56-4016-87A0-E3518C8DC0F2}.Release|x86.Build.0 = Release|Any CPU
	EndGlobalSection
	GlobalSection(SolutionProperties) = preSolution
		HideSolutionNode = FALSE
	EndGlobalSection
EndGlobal
